
Microsoft Visual Studio Solution File, Format Version 12.00
# Visual Studio Version 16
VisualStudioVersion = 16.0.31402.337
MinimumVisualStudioVersion = 10.0.40219.1
Project("{9A19103F-16F7-4668-BE54-9A1E7A4F7556}") = "Tests", "Employee\Tests.csproj", "{7D966E79-8450-4D8B-8B7D-8BA8A2AFD051}"
EndProject
Project("{FAE04EC0-301F-11D3-BF4B-00C04F79EFBC}") = "Question 2", "VehicleConsole\Question 2.csproj", "{133D103A-55DC-4159-8F57-AB1F445D2BA3}"
EndProject
Global
	GlobalSection(SolutionConfigurationPlatforms) = preSolution
		Debug|Any CPU = Debug|Any CPU
		Release|Any CPU = Release|Any CPU
	EndGlobalSection
	GlobalSection(ProjectConfigurationPlatforms) = postSolution
		{7D966E79-8450-4D8B-8B7D-8BA8A2AFD051}.Debug|Any CPU.ActiveCfg = Debug|Any CPU
		{7D966E79-8450-4D8B-8B7D-8BA8A2AFD051}.Debug|Any CPU.Build.0 = Debug|Any CPU
		{7D966E79-8450-4D8B-8B7D-8BA8A2AFD051}.Release|Any CPU.ActiveCfg = Release|Any CPU
		{7D966E79-8450-4D8B-8B7D-8BA8A2AFD051}.Release|Any CPU.Build.0 = Release|Any CPU
		{133D103A-55DC-4159-8F57-AB1F445D2BA3}.Debug|Any CPU.ActiveCfg = Debug|Any CPU
		{133D103A-55DC-4159-8F57-AB1F445D2BA3}.Debug|Any CPU.Build.0 = Debug|Any CPU
		{133D103A-55DC-4159-8F57-AB1F445D2BA3}.Release|Any CPU.ActiveCfg = Release|Any CPU
		{133D103A-55DC-4159-8F57-AB1F445D2BA3}.Release|Any CPU.Build.0 = Release|Any CPU
	EndGlobalSection
	GlobalSection(SolutionProperties) = preSolution
		HideSolutionNode = FALSE
	EndGlobalSection
	GlobalSection(ExtensibilityGlobals) = postSolution
		SolutionGuid = {786F90CA-3ECD-4530-9B33-434F10325577}
	EndGlobalSection
EndGlobal
